
Microsoft Visual Studio Solution File, Format Version 12.00
# Visual Studio Version 16
VisualStudioVersion = 16.0.29230.61
MinimumVisualStudioVersion = 10.0.40219.1
Project("{9A19103F-16F7-4668-BE54-9A1E7A4F7556}") = "FileVisitor.ConsoleUI", "FileVisitor.ConsoleUI\FileVisitor.ConsoleUI.csproj", "{69376B73-73E8-4FB1-B24C-98DB661505C4}"
EndProject
Project("{9A19103F-16F7-4668-BE54-9A1E7A4F7556}") = "FileVisitor.Core", "FileVisitor.Core\FileVisitor.Core.csproj", "{DA72FAD4-0E87-42E0-8291-D01F2AA50E66}"
EndProject
Project("{9A19103F-16F7-4668-BE54-9A1E7A4F7556}") = "FileVisitor.Core.Tests", "FileVisitor.Core.Tests\FileVisitor.Core.Tests.csproj", "{C804EABD-9FDB-47CC-A472-26660B95B083}"
EndProject
Project("{FAE04EC0-301F-11D3-BF4B-00C04F79EFBC}") = "FileVisitor.ConsoleUI.Resources", "FileVisitor.ConsoleUI.Resources\FileVisitor.ConsoleUI.Resources.csproj", "{FFA62AFA-6464-4C64-BDB4-00CA0CC2E6C7}"
EndProject
Global
	GlobalSection(SolutionConfigurationPlatforms) = preSolution
		Debug|Any CPU = Debug|Any CPU
		Release|Any CPU = Release|Any CPU
	EndGlobalSection
	GlobalSection(ProjectConfigurationPlatforms) = postSolution
		{69376B73-73E8-4FB1-B24C-98DB661505C4}.Debug|Any CPU.ActiveCfg = Debug|Any CPU
		{69376B73-73E8-4FB1-B24C-98DB661505C4}.Debug|Any CPU.Build.0 = Debug|Any CPU
		{69376B73-73E8-4FB1-B24C-98DB661505C4}.Release|Any CPU.ActiveCfg = Release|Any CPU
		{69376B73-73E8-4FB1-B24C-98DB661505C4}.Release|Any CPU.Build.0 = Release|Any CPU
		{DA72FAD4-0E87-42E0-8291-D01F2AA50E66}.Debug|Any CPU.ActiveCfg = Debug|Any CPU
		{DA72FAD4-0E87-42E0-8291-D01F2AA50E66}.Debug|Any CPU.Build.0 = Debug|Any CPU
		{DA72FAD4-0E87-42E0-8291-D01F2AA50E66}.Release|Any CPU.ActiveCfg = Release|Any CPU
		{DA72FAD4-0E87-42E0-8291-D01F2AA50E66}.Release|Any CPU.Build.0 = Release|Any CPU
		{C804EABD-9FDB-47CC-A472-26660B95B083}.Debug|Any CPU.ActiveCfg = Debug|Any CPU
		{C804EABD-9FDB-47CC-A472-26660B95B083}.Debug|Any CPU.Build.0 = Debug|Any CPU
		{C804EABD-9FDB-47CC-A472-26660B95B083}.Release|Any CPU.ActiveCfg = Release|Any CPU
		{C804EABD-9FDB-47CC-A472-26660B95B083}.Release|Any CPU.Build.0 = Release|Any CPU
		{FFA62AFA-6464-4C64-BDB4-00CA0CC2E6C7}.Debug|Any CPU.ActiveCfg = Debug|Any CPU
		{FFA62AFA-6464-4C64-BDB4-00CA0CC2E6C7}.Debug|Any CPU.Build.0 = Debug|Any CPU
		{FFA62AFA-6464-4C64-BDB4-00CA0CC2E6C7}.Release|Any CPU.ActiveCfg = Release|Any CPU
		{FFA62AFA-6464-4C64-BDB4-00CA0CC2E6C7}.Release|Any CPU.Build.0 = Release|Any CPU
	EndGlobalSection
	GlobalSection(SolutionProperties) = preSolution
		HideSolutionNode = FALSE
	EndGlobalSection
	GlobalSection(ExtensibilityGlobals) = postSolution
		SolutionGuid = {9E9B0950-BA6C-4A8A-B08A-6C8806A058BD}
	EndGlobalSection
EndGlobal
